
Microsoft Visual Studio Solution File, Format Version 12.00
# Visual Studio Version 16
VisualStudioVersion = 16.0.31105.61
MinimumVisualStudioVersion = 10.0.40219.1
Project("{F184B08F-C81C-45F6-A57F-5ABD9991F28F}") = "StudentCalculate", "StudentCalculate\StudentCalculate.vbproj", "{46F5A332-67B7-4D28-96A7-51DEC0A29072}"
EndProject
Global
	GlobalSection(SolutionConfigurationPlatforms) = preSolution
		Debug|Any CPU = Debug|Any CPU
		Release|Any CPU = Release|Any CPU
	EndGlobalSection
	GlobalSection(ProjectConfigurationPlatforms) = postSolution
		{46F5A332-67B7-4D28-96A7-51DEC0A29072}.Debug|Any CPU.ActiveCfg = Debug|Any CPU
		{46F5A332-67B7-4D28-96A7-51DEC0A29072}.Debug|Any CPU.Build.0 = Debug|Any CPU
		{46F5A332-67B7-4D28-96A7-51DEC0A29072}.Release|Any CPU.ActiveCfg = Release|Any CPU
		{46F5A332-67B7-4D28-96A7-51DEC0A29072}.Release|Any CPU.Build.0 = Release|Any CPU
	EndGlobalSection
	GlobalSection(SolutionProperties) = preSolution
		HideSolutionNode = FALSE
	EndGlobalSection
	GlobalSection(ExtensibilityGlobals) = postSolution
		SolutionGuid = {8B7F5EC9-34D6-4E2C-8D02-EA7F99979E1E}
	EndGlobalSection
EndGlobal
